// !$*UTF8*$!
{
	archiveVersion = 1;
	classes = {
	};
	objectVersion = 56;
	objects = {

/* Begin PBXBuildFile section */
		9D35C56D2C3B7BAA004586C2 /* hikeData.json in Resources */ = {isa = PBXBuildFile; fileRef = 9D35C56C2C3B7BAA004586C2 /* hikeData.json */; };
		9D35C56F2C3B7C1B004586C2 /* Hike.swift in Sources */ = {isa = PBXBuildFile; fileRef = 9D35C56E2C3B7C1B004586C2 /* Hike.swift */; };
		9D35C5752C3B7CFF004586C2 /* GraphCapsule.swift in Sources */ = {isa = PBXBuildFile; fileRef = 9D35C5712C3B7CFF004586C2 /* GraphCapsule.swift */; };
		9D35C5762C3B7CFF004586C2 /* HikeGraph.swift in Sources */ = {isa = PBXBuildFile; fileRef = 9D35C5722C3B7CFF004586C2 /* HikeGraph.swift */; };
		9D35C5772C3B7CFF004586C2 /* HikeDetail.swift in Sources */ = {isa = PBXBuildFile; fileRef = 9D35C5732C3B7CFF004586C2 /* HikeDetail.swift */; };
		9D35C5782C3B7CFF004586C2 /* HikeView.swift in Sources */ = {isa = PBXBuildFile; fileRef = 9D35C5742C3B7CFF004586C2 /* HikeView.swift */; };
		9D35C57A2C3B7E67004586C2 /* AnimationTest.swift in Sources */ = {isa = PBXBuildFile; fileRef = 9D35C5792C3B7E67004586C2 /* AnimationTest.swift */; };
		9D5DB8E52C358244007739BB /* LandmarksApp.swift in Sources */ = {isa = PBXBuildFile; fileRef = 9D5DB8E42C358244007739BB /* LandmarksApp.swift */; };
		9D5DB8E72C358244007739BB /* ContentView.swift in Sources */ = {isa = PBXBuildFile; fileRef = 9D5DB8E62C358244007739BB /* ContentView.swift */; };
		9D5DB8E92C358245007739BB /* Assets.xcassets in Resources */ = {isa = PBXBuildFile; fileRef = 9D5DB8E82C358245007739BB /* Assets.xcassets */; };
		9D5DB8EC2C358245007739BB /* Preview Assets.xcassets in Resources */ = {isa = PBXBuildFile; fileRef = 9D5DB8EB2C358245007739BB /* Preview Assets.xcassets */; };
		9D5DB8F32C358BB0007739BB /* CircleImage.swift in Sources */ = {isa = PBXBuildFile; fileRef = 9D5DB8F22C358BB0007739BB /* CircleImage.swift */; };
		9D5DB8F52C36EA75007739BB /* MapView.swift in Sources */ = {isa = PBXBuildFile; fileRef = 9D5DB8F42C36EA75007739BB /* MapView.swift */; };
		9D5DB8F72C3829EB007739BB /* landmarkData.json in Resources */ = {isa = PBXBuildFile; fileRef = 9D5DB8F62C3829EB007739BB /* landmarkData.json */; };
		9D5DB8F92C382A21007739BB /* Landmark.swift in Sources */ = {isa = PBXBuildFile; fileRef = 9D5DB8F82C382A21007739BB /* Landmark.swift */; };
		9D5DB8FB2C382D6E007739BB /* ModelData.swift in Sources */ = {isa = PBXBuildFile; fileRef = 9D5DB8FA2C382D6E007739BB /* ModelData.swift */; };
		9D5DB9002C383011007739BB /* LandmarkRow.swift in Sources */ = {isa = PBXBuildFile; fileRef = 9D5DB8FF2C383011007739BB /* LandmarkRow.swift */; };
		9D5DB9022C383295007739BB /* LandmarkList.swift in Sources */ = {isa = PBXBuildFile; fileRef = 9D5DB9012C383295007739BB /* LandmarkList.swift */; };
		9D5DB9042C383730007739BB /* LandmarkDetail.swift in Sources */ = {isa = PBXBuildFile; fileRef = 9D5DB9032C383730007739BB /* LandmarkDetail.swift */; };
		9D5DB9062C39202B007739BB /* FavoriteButton.swift in Sources */ = {isa = PBXBuildFile; fileRef = 9D5DB9052C39202B007739BB /* FavoriteButton.swift */; };
		9D5DB90A2C3A2F69007739BB /* HexagonParameters.swift in Sources */ = {isa = PBXBuildFile; fileRef = 9D5DB9092C3A2F69007739BB /* HexagonParameters.swift */; };
		9D5DB90C2C3A3082007739BB /* BadgeBackground.swift in Sources */ = {isa = PBXBuildFile; fileRef = 9D5DB90B2C3A3082007739BB /* BadgeBackground.swift */; };
		9D5DB90E2C3AC32C007739BB /* BadgeSymbol.swift in Sources */ = {isa = PBXBuildFile; fileRef = 9D5DB90D2C3AC32C007739BB /* BadgeSymbol.swift */; };
		9D5DB9102C3AC50F007739BB /* Badge.swift in Sources */ = {isa = PBXBuildFile; fileRef = 9D5DB90F2C3AC50F007739BB /* Badge.swift */; };
		9D5DB9122C3AC540007739BB /* RotatedBadgeSymbol.swift in Sources */ = {isa = PBXBuildFile; fileRef = 9D5DB9112C3AC540007739BB /* RotatedBadgeSymbol.swift */; };
/* End PBXBuildFile section */

/* Begin PBXFileReference section */
		9D35C56C2C3B7BAA004586C2 /* hikeData.json */ = {isa = PBXFileReference; fileEncoding = 4; lastKnownFileType = text.json; path = hikeData.json; sourceTree = "<group>"; };
		9D35C56E2C3B7C1B004586C2 /* Hike.swift */ = {isa = PBXFileReference; lastKnownFileType = sourcecode.swift; path = Hike.swift; sourceTree = "<group>"; };
		9D35C5712C3B7CFF004586C2 /* GraphCapsule.swift */ = {isa = PBXFileReference; fileEncoding = 4; lastKnownFileType = sourcecode.swift; path = GraphCapsule.swift; sourceTree = "<group>"; };
		9D35C5722C3B7CFF004586C2 /* HikeGraph.swift */ = {isa = PBXFileReference; fileEncoding = 4; lastKnownFileType = sourcecode.swift; path = HikeGraph.swift; sourceTree = "<group>"; };
		9D35C5732C3B7CFF004586C2 /* HikeDetail.swift */ = {isa = PBXFileReference; fileEncoding = 4; lastKnownFileType = sourcecode.swift; path = HikeDetail.swift; sourceTree = "<group>"; };
		9D35C5742C3B7CFF004586C2 /* HikeView.swift */ = {isa = PBXFileReference; fileEncoding = 4; lastKnownFileType = sourcecode.swift; path = HikeView.swift; sourceTree = "<group>"; };
		9D35C5792C3B7E67004586C2 /* AnimationTest.swift */ = {isa = PBXFileReference; lastKnownFileType = sourcecode.swift; path = AnimationTest.swift; sourceTree = "<group>"; };
		9D5DB8E12C358244007739BB /* Landmarks.app */ = {isa = PBXFileReference; explicitFileType = wrapper.application; includeInIndex = 0; path = Landmarks.app; sourceTree = BUILT_PRODUCTS_DIR; };
		9D5DB8E42C358244007739BB /* LandmarksApp.swift */ = {isa = PBXFileReference; lastKnownFileType = sourcecode.swift; path = LandmarksApp.swift; sourceTree = "<group>"; };
		9D5DB8E62C358244007739BB /* ContentView.swift */ = {isa = PBXFileReference; lastKnownFileType = sourcecode.swift; path = ContentView.swift; sourceTree = "<group>"; };
		9D5DB8E82C358245007739BB /* Assets.xcassets */ = {isa = PBXFileReference; lastKnownFileType = folder.assetcatalog; path = Assets.xcassets; sourceTree = "<group>"; };
		9D5DB8EB2C358245007739BB /* Preview Assets.xcassets */ = {isa = PBXFileReference; lastKnownFileType = folder.assetcatalog; path = "Preview Assets.xcassets"; sourceTree = "<group>"; };
		9D5DB8F22C358BB0007739BB /* CircleImage.swift */ = {isa = PBXFileReference; lastKnownFileType = sourcecode.swift; path = CircleImage.swift; sourceTree = "<group>"; };
		9D5DB8F42C36EA75007739BB /* MapView.swift */ = {isa = PBXFileReference; lastKnownFileType = sourcecode.swift; path = MapView.swift; sourceTree = "<group>"; };
		9D5DB8F62C3829EB007739BB /* landmarkData.json */ = {isa = PBXFileReference; fileEncoding = 4; lastKnownFileType = text.json; path = landmarkData.json; sourceTree = "<group>"; };
		9D5DB8F82C382A21007739BB /* Landmark.swift */ = {isa = PBXFileReference; lastKnownFileType = sourcecode.swift; path = Landmark.swift; sourceTree = "<group>"; };
		9D5DB8FA2C382D6E007739BB /* ModelData.swift */ = {isa = PBXFileReference; lastKnownFileType = sourcecode.swift; path = ModelData.swift; sourceTree = "<group>"; };
		9D5DB8FF2C383011007739BB /* LandmarkRow.swift */ = {isa = PBXFileReference; lastKnownFileType = sourcecode.swift; path = LandmarkRow.swift; sourceTree = "<group>"; };
		9D5DB9012C383295007739BB /* LandmarkList.swift */ = {isa = PBXFileReference; lastKnownFileType = sourcecode.swift; path = LandmarkList.swift; sourceTree = "<group>"; };
		9D5DB9032C383730007739BB /* LandmarkDetail.swift */ = {isa = PBXFileReference; lastKnownFileType = sourcecode.swift; path = LandmarkDetail.swift; sourceTree = "<group>"; };
		9D5DB9052C39202B007739BB /* FavoriteButton.swift */ = {isa = PBXFileReference; lastKnownFileType = sourcecode.swift; path = FavoriteButton.swift; sourceTree = "<group>"; };
		9D5DB9092C3A2F69007739BB /* HexagonParameters.swift */ = {isa = PBXFileReference; lastKnownFileType = sourcecode.swift; path = HexagonParameters.swift; sourceTree = "<group>"; };
		9D5DB90B2C3A3082007739BB /* BadgeBackground.swift */ = {isa = PBXFileReference; lastKnownFileType = sourcecode.swift; path = BadgeBackground.swift; sourceTree = "<group>"; };
		9D5DB90D2C3AC32C007739BB /* BadgeSymbol.swift */ = {isa = PBXFileReference; lastKnownFileType = sourcecode.swift; path = BadgeSymbol.swift; sourceTree = "<group>"; };
		9D5DB90F2C3AC50F007739BB /* Badge.swift */ = {isa = PBXFileReference; lastKnownFileType = sourcecode.swift; path = Badge.swift; sourceTree = "<group>"; };
		9D5DB9112C3AC540007739BB /* RotatedBadgeSymbol.swift */ = {isa = PBXFileReference; lastKnownFileType = sourcecode.swift; path = RotatedBadgeSymbol.swift; sourceTree = "<group>"; };
/* End PBXFileReference section */

/* Begin PBXFrameworksBuildPhase section */
		9D5DB8DE2C358243007739BB /* Frameworks */ = {
			isa = PBXFrameworksBuildPhase;
			buildActionMask = 2147483647;
			files = (
			);
			runOnlyForDeploymentPostprocessing = 0;
		};
/* End PBXFrameworksBuildPhase section */

/* Begin PBXGroup section */
		9D35C5702C3B7CFF004586C2 /* Hikes */ = {
			isa = PBXGroup;
			children = (
				9D35C5712C3B7CFF004586C2 /* GraphCapsule.swift */,
				9D35C5722C3B7CFF004586C2 /* HikeGraph.swift */,
				9D35C5732C3B7CFF004586C2 /* HikeDetail.swift */,
				9D35C5742C3B7CFF004586C2 /* HikeView.swift */,
			);
			path = Hikes;
			sourceTree = "<group>";
		};
		9D5DB8D82C358243007739BB = {
			isa = PBXGroup;
			children = (
				9D5DB8E32C358244007739BB /* Landmarks */,
				9D5DB8E22C358244007739BB /* Products */,
			);
			sourceTree = "<group>";
		};
		9D5DB8E22C358244007739BB /* Products */ = {
			isa = PBXGroup;
			children = (
				9D5DB8E12C358244007739BB /* Landmarks.app */,
			);
			name = Products;
			sourceTree = "<group>";
		};
		9D5DB8E32C358244007739BB /* Landmarks */ = {
			isa = PBXGroup;
			children = (
				9D5DB8FD2C382F04007739BB /* Model */,
				9D5DB8FE2C382F15007739BB /* Resources */,
				9D5DB8FC2C382EDF007739BB /* Views */,
				9D5DB8E42C358244007739BB /* LandmarksApp.swift */,
				9D5DB8E82C358245007739BB /* Assets.xcassets */,
				9D5DB8EA2C358245007739BB /* Preview Content */,
			);
			path = Landmarks;
			sourceTree = "<group>";
		};
		9D5DB8EA2C358245007739BB /* Preview Content */ = {
			isa = PBXGroup;
			children = (
				9D5DB8EB2C358245007739BB /* Preview Assets.xcassets */,
			);
			path = "Preview Content";
			sourceTree = "<group>";
		};
		9D5DB8FC2C382EDF007739BB /* Views */ = {
			isa = PBXGroup;
			children = (
				9D35C5702C3B7CFF004586C2 /* Hikes */,
				9D5DB9132C3AC553007739BB /* Badges */,
				9D5DB9082C39208A007739BB /* Landmarks */,
				9D5DB9072C39206E007739BB /* Helpers */,
				9D5DB8E62C358244007739BB /* ContentView.swift */,
				9D35C5792C3B7E67004586C2 /* AnimationTest.swift */,
			);
			path = Views;
			sourceTree = "<group>";
		};
		9D5DB8FD2C382F04007739BB /* Model */ = {
			isa = PBXGroup;
			children = (
				9D5DB8F82C382A21007739BB /* Landmark.swift */,
				9D5DB8FA2C382D6E007739BB /* ModelData.swift */,
				9D35C56E2C3B7C1B004586C2 /* Hike.swift */,
			);
			path = Model;
			sourceTree = "<group>";
		};
		9D5DB8FE2C382F15007739BB /* Resources */ = {
			isa = PBXGroup;
			children = (
				9D35C56C2C3B7BAA004586C2 /* hikeData.json */,
				9D5DB8F62C3829EB007739BB /* landmarkData.json */,
			);
			path = Resources;
			sourceTree = "<group>";
		};
		9D5DB9072C39206E007739BB /* Helpers */ = {
			isa = PBXGroup;
			children = (
				9D5DB9052C39202B007739BB /* FavoriteButton.swift */,
				9D5DB8F42C36EA75007739BB /* MapView.swift */,
				9D5DB8F22C358BB0007739BB /* CircleImage.swift */,
			);
			path = Helpers;
			sourceTree = "<group>";
		};
		9D5DB9082C39208A007739BB /* Landmarks */ = {
			isa = PBXGroup;
			children = (
				9D5DB8FF2C383011007739BB /* LandmarkRow.swift */,
				9D5DB9012C383295007739BB /* LandmarkList.swift */,
				9D5DB9032C383730007739BB /* LandmarkDetail.swift */,
			);
			path = Landmarks;
			sourceTree = "<group>";
		};
		9D5DB9132C3AC553007739BB /* Badges */ = {
			isa = PBXGroup;
			children = (
				9D5DB9092C3A2F69007739BB /* HexagonParameters.swift */,
				9D5DB90B2C3A3082007739BB /* BadgeBackground.swift */,
				9D5DB90D2C3AC32C007739BB /* BadgeSymbol.swift */,
				9D5DB90F2C3AC50F007739BB /* Badge.swift */,
				9D5DB9112C3AC540007739BB /* RotatedBadgeSymbol.swift */,
			);
			path = Badges;
			sourceTree = "<group>";
		};
/* End PBXGroup section */

/* Begin PBXNativeTarget section */
		9D5DB8E02C358243007739BB /* Landmarks */ = {
			isa = PBXNativeTarget;
			buildConfigurationList = 9D5DB8EF2C358245007739BB /* Build configuration list for PBXNativeTarget "Landmarks" */;
			buildPhases = (
				9D5DB8DD2C358243007739BB /* Sources */,
				9D5DB8DE2C358243007739BB /* Frameworks */,
				9D5DB8DF2C358243007739BB /* Resources */,
			);
			buildRules = (
			);
			dependencies = (
			);
			name = Landmarks;
			productName = Landmarks;
			productReference = 9D5DB8E12C358244007739BB /* Landmarks.app */;
			productType = "com.apple.product-type.application";
		};
/* End PBXNativeTarget section */

/* Begin PBXProject section */
		9D5DB8D92C358243007739BB /* Project object */ = {
			isa = PBXProject;
			attributes = {
				BuildIndependentTargetsInParallel = 1;
				LastSwiftUpdateCheck = 1500;
				LastUpgradeCheck = 1500;
				TargetAttributes = {
					9D5DB8E02C358243007739BB = {
						CreatedOnToolsVersion = 15.0.1;
					};
				};
			};
			buildConfigurationList = 9D5DB8DC2C358243007739BB /* Build configuration list for PBXProject "Landmarks" */;
			compatibilityVersion = "Xcode 14.0";
			developmentRegion = en;
			hasScannedForEncodings = 0;
			knownRegions = (
				en,
				Base,
			);
			mainGroup = 9D5DB8D82C358243007739BB;
			productRefGroup = 9D5DB8E22C358244007739BB /* Products */;
			projectDirPath = "";
			projectRoot = "";
			targets = (
				9D5DB8E02C358243007739BB /* Landmarks */,
			);
		};
/* End PBXProject section */

/* Begin PBXResourcesBuildPhase section */
		9D5DB8DF2C358243007739BB /* Resources */ = {
			isa = PBXResourcesBuildPhase;
			buildActionMask = 2147483647;
			files = (
				9D35C56D2C3B7BAA004586C2 /* hikeData.json in Resources */,
				9D5DB8EC2C358245007739BB /* Preview Assets.xcassets in Resources */,
				9D5DB8E92C358245007739BB /* Assets.xcassets in Resources */,
				9D5DB8F72C3829EB007739BB /* landmarkData.json in Resources */,
			);
			runOnlyForDeploymentPostprocessing = 0;
		};
/* End PBXResourcesBuildPhase section */

/* Begin PBXSourcesBuildPhase section */
		9D5DB8DD2C358243007739BB /* Sources */ = {
			isa = PBXSourcesBuildPhase;
			buildActionMask = 2147483647;
			files = (
				9D5DB8E72C358244007739BB /* ContentView.swift in Sources */,
				9D35C5762C3B7CFF004586C2 /* HikeGraph.swift in Sources */,
				9D5DB8F52C36EA75007739BB /* MapView.swift in Sources */,
				9D5DB8E52C358244007739BB /* LandmarksApp.swift in Sources */,
				9D35C5752C3B7CFF004586C2 /* GraphCapsule.swift in Sources */,
				9D5DB9022C383295007739BB /* LandmarkList.swift in Sources */,
				9D5DB90A2C3A2F69007739BB /* HexagonParameters.swift in Sources */,
				9D35C5772C3B7CFF004586C2 /* HikeDetail.swift in Sources */,
				9D35C57A2C3B7E67004586C2 /* AnimationTest.swift in Sources */,
				9D5DB90E2C3AC32C007739BB /* BadgeSymbol.swift in Sources */,
				9D35C56F2C3B7C1B004586C2 /* Hike.swift in Sources */,
				9D5DB9042C383730007739BB /* LandmarkDetail.swift in Sources */,
				9D5DB9102C3AC50F007739BB /* Badge.swift in Sources */,
				9D5DB9122C3AC540007739BB /* RotatedBadgeSymbol.swift in Sources */,
				9D35C5782C3B7CFF004586C2 /* HikeView.swift in Sources */,
				9D5DB8F32C358BB0007739BB /* CircleImage.swift in Sources */,
				9D5DB90C2C3A3082007739BB /* BadgeBackground.swift in Sources */,
				9D5DB8F92C382A21007739BB /* Landmark.swift in Sources */,
				9D5DB9002C383011007739BB /* LandmarkRow.swift in Sources */,
				9D5DB8FB2C382D6E007739BB /* ModelData.swift in Sources */,
				9D5DB9062C39202B007739BB /* FavoriteButton.swift in Sources */,
			);
			runOnlyForDeploymentPostprocessing = 0;
		};
/* End PBXSourcesBuildPhase section */

/* Begin XCBuildConfiguration section */
		9D5DB8ED2C358245007739BB /* Debug */ = {
			isa = XCBuildConfiguration;
			buildSettings = {
				ALWAYS_SEARCH_USER_PATHS = NO;
				ASSETCATALOG_COMPILER_GENERATE_SWIFT_ASSET_SYMBOL_EXTENSIONS = YES;
				CLANG_ANALYZER_NONNULL = YES;
				CLANG_ANALYZER_NUMBER_OBJECT_CONVERSION = YES_AGGRESSIVE;
				CLANG_CXX_LANGUAGE_STANDARD = "gnu++20";
				CLANG_ENABLE_MODULES = YES;
				CLANG_ENABLE_OBJC_ARC = YES;
				CLANG_ENABLE_OBJC_WEAK = YES;
				CLANG_WARN_BLOCK_CAPTURE_AUTORELEASING = YES;
				CLANG_WARN_BOOL_CONVERSION = YES;
				CLANG_WARN_COMMA = YES;
				CLANG_WARN_CONSTANT_CONVERSION = YES;
				CLANG_WARN_DEPRECATED_OBJC_IMPLEMENTATIONS = YES;
				CLANG_WARN_DIRECT_OBJC_ISA_USAGE = YES_ERROR;
				CLANG_WARN_DOCUMENTATION_COMMENTS = YES;
				CLANG_WARN_EMPTY_BODY = YES;
				CLANG_WARN_ENUM_CONVERSION = YES;
				CLANG_WARN_INFINITE_RECURSION = YES;
				CLANG_WARN_INT_CONVERSION = YES;
				CLANG_WARN_NON_LITERAL_NULL_CONVERSION = YES;
				CLANG_WARN_OBJC_IMPLICIT_RETAIN_SELF = YES;
				CLANG_WARN_OBJC_LITERAL_CONVERSION = YES;
				CLANG_WARN_OBJC_ROOT_CLASS = YES_ERROR;
				CLANG_WARN_QUOTED_INCLUDE_IN_FRAMEWORK_HEADER = YES;
				CLANG_WARN_RANGE_LOOP_ANALYSIS = YES;
				CLANG_WARN_STRICT_PROTOTYPES = YES;
				CLANG_WARN_SUSPICIOUS_MOVE = YES;
				CLANG_WARN_UNGUARDED_AVAILABILITY = YES_AGGRESSIVE;
				CLANG_WARN_UNREACHABLE_CODE = YES;
				CLANG_WARN__DUPLICATE_METHOD_MATCH = YES;
				COPY_PHASE_STRIP = NO;
				DEBUG_INFORMATION_FORMAT = dwarf;
				ENABLE_STRICT_OBJC_MSGSEND = YES;
				ENABLE_TESTABILITY = YES;
				ENABLE_USER_SCRIPT_SANDBOXING = YES;
				GCC_C_LANGUAGE_STANDARD = gnu17;
				GCC_DYNAMIC_NO_PIC = NO;
				GCC_NO_COMMON_BLOCKS = YES;
				GCC_OPTIMIZATION_LEVEL = 0;
				GCC_PREPROCESSOR_DEFINITIONS = (
					"DEBUG=1",
					"$(inherited)",
				);
				GCC_WARN_64_TO_32_BIT_CONVERSION = YES;
				GCC_WARN_ABOUT_RETURN_TYPE = YES_ERROR;
				GCC_WARN_UNDECLARED_SELECTOR = YES;
				GCC_WARN_UNINITIALIZED_AUTOS = YES_AGGRESSIVE;
				GCC_WARN_UNUSED_FUNCTION = YES;
				GCC_WARN_UNUSED_VARIABLE = YES;
				IPHONEOS_DEPLOYMENT_TARGET = 17.0;
				LOCALIZATION_PREFERS_STRING_CATALOGS = YES;
				MTL_ENABLE_DEBUG_INFO = INCLUDE_SOURCE;
				MTL_FAST_MATH = YES;
				ONLY_ACTIVE_ARCH = YES;
				SDKROOT = iphoneos;
				SWIFT_ACTIVE_COMPILATION_CONDITIONS = "DEBUG $(inherited)";
				SWIFT_OPTIMIZATION_LEVEL = "-Onone";
			};
			name = Debug;
		};
		9D5DB8EE2C358245007739BB /* Release */ = {
			isa = XCBuildConfiguration;
			buildSettings = {
				ALWAYS_SEARCH_USER_PATHS = NO;
				ASSETCATALOG_COMPILER_GENERATE_SWIFT_ASSET_SYMBOL_EXTENSIONS = YES;
				CLANG_ANALYZER_NONNULL = YES;
				CLANG_ANALYZER_NUMBER_OBJECT_CONVERSION = YES_AGGRESSIVE;
				CLANG_CXX_LANGUAGE_STANDARD = "gnu++20";
				CLANG_ENABLE_MODULES = YES;
				CLANG_ENABLE_OBJC_ARC = YES;
				CLANG_ENABLE_OBJC_WEAK = YES;
				CLANG_WARN_BLOCK_CAPTURE_AUTORELEASING = YES;
				CLANG_WARN_BOOL_CONVERSION = YES;
				CLANG_WARN_COMMA = YES;
				CLANG_WARN_CONSTANT_CONVERSION = YES;
				CLANG_WARN_DEPRECATED_OBJC_IMPLEMENTATIONS = YES;
				CLANG_WARN_DIRECT_OBJC_ISA_USAGE = YES_ERROR;
				CLANG_WARN_DOCUMENTATION_COMMENTS = YES;
				CLANG_WARN_EMPTY_BODY = YES;
				CLANG_WARN_ENUM_CONVERSION = YES;
				CLANG_WARN_INFINITE_RECURSION = YES;
				CLANG_WARN_INT_CONVERSION = YES;
				CLANG_WARN_NON_LITERAL_NULL_CONVERSION = YES;
				CLANG_WARN_OBJC_IMPLICIT_RETAIN_SELF = YES;
				CLANG_WARN_OBJC_LITERAL_CONVERSION = YES;
				CLANG_WARN_OBJC_ROOT_CLASS = YES_ERROR;
				CLANG_WARN_QUOTED_INCLUDE_IN_FRAMEWORK_HEADER = YES;
				CLANG_WARN_RANGE_LOOP_ANALYSIS = YES;
				CLANG_WARN_STRICT_PROTOTYPES = YES;
				CLANG_WARN_SUSPICIOUS_MOVE = YES;
				CLANG_WARN_UNGUARDED_AVAILABILITY = YES_AGGRESSIVE;
				CLANG_WARN_UNREACHABLE_CODE = YES;
				CLANG_WARN__DUPLICATE_METHOD_MATCH = YES;
				COPY_PHASE_STRIP = NO;
				DEBUG_INFORMATION_FORMAT = "dwarf-with-dsym";
				ENABLE_NS_ASSERTIONS = NO;
				ENABLE_STRICT_OBJC_MSGSEND = YES;
				ENABLE_USER_SCRIPT_SANDBOXING = YES;
				GCC_C_LANGUAGE_STANDARD = gnu17;
				GCC_NO_COMMON_BLOCKS = YES;
				GCC_WARN_64_TO_32_BIT_CONVERSION = YES;
				GCC_WARN_ABOUT_RETURN_TYPE = YES_ERROR;
				GCC_WARN_UNDECLARED_SELECTOR = YES;
				GCC_WARN_UNINITIALIZED_AUTOS = YES_AGGRESSIVE;
				GCC_WARN_UNUSED_FUNCTION = YES;
				GCC_WARN_UNUSED_VARIABLE = YES;
				IPHONEOS_DEPLOYMENT_TARGET = 17.0;
				LOCALIZATION_PREFERS_STRING_CATALOGS = YES;
				MTL_ENABLE_DEBUG_INFO = NO;
				MTL_FAST_MATH = YES;
				SDKROOT = iphoneos;
				SWIFT_COMPILATION_MODE = wholemodule;
				VALIDATE_PRODUCT = YES;
			};
			name = Release;
		};
		9D5DB8F02C358245007739BB /* Debug */ = {
			isa = XCBuildConfiguration;
			buildSettings = {
				ASSETCATALOG_COMPILER_APPICON_NAME = AppIcon;
				ASSETCATALOG_COMPILER_GLOBAL_ACCENT_COLOR_NAME = AccentColor;
				CODE_SIGN_STYLE = Automatic;
				CURRENT_PROJECT_VERSION = 1;
				DEVELOPMENT_ASSET_PATHS = "\"Landmarks/Preview Content\"";
				DEVELOPMENT_TEAM = D6H3TKX72M;
				ENABLE_PREVIEWS = YES;
				GENERATE_INFOPLIST_FILE = YES;
				INFOPLIST_KEY_UIApplicationSceneManifest_Generation = YES;
				INFOPLIST_KEY_UIApplicationSupportsIndirectInputEvents = YES;
				INFOPLIST_KEY_UILaunchScreen_Generation = YES;
				INFOPLIST_KEY_UISupportedInterfaceOrientations_iPad = "UIInterfaceOrientationPortrait UIInterfaceOrientationPortraitUpsideDown UIInterfaceOrientationLandscapeLeft UIInterfaceOrientationLandscapeRight";
				INFOPLIST_KEY_UISupportedInterfaceOrientations_iPhone = "UIInterfaceOrientationPortrait UIInterfaceOrientationLandscapeLeft UIInterfaceOrientationLandscapeRight";
				LD_RUNPATH_SEARCH_PATHS = (
					"$(inherited)",
					"@executable_path/Frameworks",
				);
				MARKETING_VERSION = 1.0;
				PRODUCT_BUNDLE_IDENTIFIER = com.iosyuk.Landmarks;
				PRODUCT_NAME = "$(TARGET_NAME)";
				SWIFT_EMIT_LOC_STRINGS = YES;
				SWIFT_VERSION = 5.0;
				TARGETED_DEVICE_FAMILY = "1,2";
			};
			name = Debug;
		};
		9D5DB8F12C358245007739BB /* Release */ = {
			isa = XCBuildConfiguration;
			buildSettings = {
				ASSETCATALOG_COMPILER_APPICON_NAME = AppIcon;
				ASSETCATALOG_COMPILER_GLOBAL_ACCENT_COLOR_NAME = AccentColor;
				CODE_SIGN_STYLE = Automatic;
				CURRENT_PROJECT_VERSION = 1;
				DEVELOPMENT_ASSET_PATHS = "\"Landmarks/Preview Content\"";
				DEVELOPMENT_TEAM = D6H3TKX72M;
				ENABLE_PREVIEWS = YES;
				GENERATE_INFOPLIST_FILE = YES;
				INFOPLIST_KEY_UIApplicationSceneManifest_Generation = YES;
				INFOPLIST_KEY_UIApplicationSupportsIndirectInputEvents = YES;
				INFOPLIST_KEY_UILaunchScreen_Generation = YES;
				INFOPLIST_KEY_UISupportedInterfaceOrientations_iPad = "UIInterfaceOrientationPortrait UIInterfaceOrientationPortraitUpsideDown UIInterfaceOrientationLandscapeLeft UIInterfaceOrientationLandscapeRight";
				INFOPLIST_KEY_UISupportedInterfaceOrientations_iPhone = "UIInterfaceOrientationPortrait UIInterfaceOrientationLandscapeLeft UIInterfaceOrientationLandscapeRight";
				LD_RUNPATH_SEARCH_PATHS = (
					"$(inherited)",
					"@executable_path/Frameworks",
				);
				MARKETING_VERSION = 1.0;
				PRODUCT_BUNDLE_IDENTIFIER = com.iosyuk.Landmarks;
				PRODUCT_NAME = "$(TARGET_NAME)";
				SWIFT_EMIT_LOC_STRINGS = YES;
				SWIFT_VERSION = 5.0;
				TARGETED_DEVICE_FAMILY = "1,2";
			};
			name = Release;
		};
/* End XCBuildConfiguration section */

/* Begin XCConfigurationList section */
		9D5DB8DC2C358243007739BB /* Build configuration list for PBXProject "Landmarks" */ = {
			isa = XCConfigurationList;
			buildConfigurations = (
				9D5DB8ED2C358245007739BB /* Debug */,
				9D5DB8EE2C358245007739BB /* Release */,
			);
			defaultConfigurationIsVisible = 0;
			defaultConfigurationName = Release;
		};
		9D5DB8EF2C358245007739BB /* Build configuration list for PBXNativeTarget "Landmarks" */ = {
			isa = XCConfigurationList;
			buildConfigurations = (
				9D5DB8F02C358245007739BB /* Debug */,
				9D5DB8F12C358245007739BB /* Release */,
			);
			defaultConfigurationIsVisible = 0;
			defaultConfigurationName = Release;
		};
/* End XCConfigurationList section */
	};
	rootObject = 9D5DB8D92C358243007739BB /* Project object */;
}
